
Microsoft Visual Studio Solution File, Format Version 12.00
# Visual Studio Version 17
VisualStudioVersion = 17.0.31903.59
MinimumVisualStudioVersion = 10.0.40219.1
Project("{2150E333-8FDC-42A3-9474-1A3956D46DE8}") = "src", "src", "{827E0CD3-B72D-47B6-A68D-7590B98EB39B}"
EndProject
Project("{2150E333-8FDC-42A3-9474-1A3956D46DE8}") = "StackFood.Payments.Domain", "StackFood.Payments.Domain", "{28F09DD8-B479-529C-DD60-072B0B29F407}"
EndProject
Project("{FAE04EC0-301F-11D3-BF4B-00C04F79EFBC}") = "StackFood.Payments.Domain", "src\StackFood.Payments.Domain\StackFood.Payments.Domain\StackFood.Payments.Domain.csproj", "{55327CDA-2C18-4014-B5B2-34E57BA8D7CF}"
EndProject
Project("{2150E333-8FDC-42A3-9474-1A3956D46DE8}") = "StackFood.Payments.Application", "StackFood.Payments.Application", "{76A52903-50AC-CD9D-03C9-48914C5376B2}"
EndProject
Project("{FAE04EC0-301F-11D3-BF4B-00C04F79EFBC}") = "StackFood.Payments.Application", "src\StackFood.Payments.Application\StackFood.Payments.Application\StackFood.Payments.Application.csproj", "{9B4B384D-552F-4FC7-AEAD-FBF37AD5C617}"
EndProject
Project("{2150E333-8FDC-42A3-9474-1A3956D46DE8}") = "StackFood.Payments.Infrastructure", "StackFood.Payments.Infrastructure", "{86B80615-334E-1DEC-CE59-A622E47B6562}"
EndProject
Project("{FAE04EC0-301F-11D3-BF4B-00C04F79EFBC}") = "StackFood.Payments.Infrastructure", "src\StackFood.Payments.Infrastructure\StackFood.Payments.Infrastructure\StackFood.Payments.Infrastructure.csproj", "{2F7A1C81-BF27-454A-B7FE-4D79E4B1303D}"
EndProject
Project("{2150E333-8FDC-42A3-9474-1A3956D46DE8}") = "StackFood.Payments.API", "StackFood.Payments.API", "{D9457306-8FB9-1DCB-F305-E4FD70DD127F}"
EndProject
Project("{FAE04EC0-301F-11D3-BF4B-00C04F79EFBC}") = "StackFood.Payments.API", "src\StackFood.Payments.API\StackFood.Payments.API\StackFood.Payments.API.csproj", "{D451486E-B046-4A43-8AE4-57B2574616E4}"
EndProject
Project("{2150E333-8FDC-42A3-9474-1A3956D46DE8}") = "StackFood.Payments.Worker", "StackFood.Payments.Worker", "{119D4432-651F-460C-3B0D-BF79C38815E6}"
EndProject
Project("{FAE04EC0-301F-11D3-BF4B-00C04F79EFBC}") = "StackFood.Payments.Worker", "src\StackFood.Payments.Worker\StackFood.Payments.Worker\StackFood.Payments.Worker.csproj", "{941B6453-590A-44C0-8052-229806301D54}"
EndProject
Project("{2150E333-8FDC-42A3-9474-1A3956D46DE8}") = "tests", "tests", "{0AB3BF05-4346-4AA6-1389-037BE0695223}"
EndProject
Project("{2150E333-8FDC-42A3-9474-1A3956D46DE8}") = "StackFood.Payments.Tests", "StackFood.Payments.Tests", "{70A475D6-C61B-B0AA-8F19-AD671175600E}"
EndProject
Project("{FAE04EC0-301F-11D3-BF4B-00C04F79EFBC}") = "StackFood.Payments.Tests", "tests\StackFood.Payments.Tests\StackFood.Payments.Tests\StackFood.Payments.Tests.csproj", "{D61EEFC9-9032-498B-AF9A-A44103DBE406}"
EndProject
Global
	GlobalSection(SolutionConfigurationPlatforms) = preSolution
		Debug|Any CPU = Debug|Any CPU
		Debug|x64 = Debug|x64
		Debug|x86 = Debug|x86
		Release|Any CPU = Release|Any CPU
		Release|x64 = Release|x64
		Release|x86 = Release|x86
	EndGlobalSection
	GlobalSection(ProjectConfigurationPlatforms) = postSolution
		{55327CDA-2C18-4014-B5B2-34E57BA8D7CF}.Debug|Any CPU.ActiveCfg = Debug|Any CPU
		{55327CDA-2C18-4014-B5B2-34E57BA8D7CF}.Debug|Any CPU.Build.0 = Debug|Any CPU
		{55327CDA-2C18-4014-B5B2-34E57BA8D7CF}.Debug|x64.ActiveCfg = Debug|Any CPU
		{55327CDA-2C18-4014-B5B2-34E57BA8D7CF}.Debug|x64.Build.0 = Debug|Any CPU
		{55327CDA-2C18-4014-B5B2-34E57BA8D7CF}.Debug|x86.ActiveCfg = Debug|Any CPU
		{55327CDA-2C18-4014-B5B2-34E57BA8D7CF}.Debug|x86.Build.0 = Debug|Any CPU
		{55327CDA-2C18-4014-B5B2-34E57BA8D7CF}.Release|Any CPU.ActiveCfg = Release|Any CPU
		{55327CDA-2C18-4014-B5B2-34E57BA8D7CF}.Release|Any CPU.Build.0 = Release|Any CPU
		{55327CDA-2C18-4014-B5B2-34E57BA8D7CF}.Release|x64.ActiveCfg = Release|Any CPU
		{55327CDA-2C18-4014-B5B2-34E57BA8D7CF}.Release|x64.Build.0 = Release|Any CPU
		{55327CDA-2C18-4014-B5B2-34E57BA8D7CF}.Release|x86.ActiveCfg = Release|Any CPU
		{55327CDA-2C18-4014-B5B2-34E57BA8D7CF}.Release|x86.Build.0 = Release|Any CPU
		{9B4B384D-552F-4FC7-AEAD-FBF37AD5C617}.Debug|Any CPU.ActiveCfg = Debug|Any CPU
		{9B4B384D-552F-4FC7-AEAD-FBF37AD5C617}.Debug|Any CPU.Build.0 = Debug|Any CPU
		{9B4B384D-552F-4FC7-AEAD-FBF37AD5C617}.Debug|x64.ActiveCfg = Debug|Any CPU
		{9B4B384D-552F-4FC7-AEAD-FBF37AD5C617}.Debug|x64.Build.0 = Debug|Any CPU
		{9B4B384D-552F-4FC7-AEAD-FBF37AD5C617}.Debug|x86.ActiveCfg = Debug|Any CPU
		{9B4B384D-552F-4FC7-AEAD-FBF37AD5C617}.Debug|x86.Build.0 = Debug|Any CPU
		{9B4B384D-552F-4FC7-AEAD-FBF37AD5C617}.Release|Any CPU.ActiveCfg = Release|Any CPU
		{9B4B384D-552F-4FC7-AEAD-FBF37AD5C617}.Release|Any CPU.Build.0 = Release|Any CPU
		{9B4B384D-552F-4FC7-AEAD-FBF37AD5C617}.Release|x64.ActiveCfg = Release|Any CPU
		{9B4B384D-552F-4FC7-AEAD-FBF37AD5C617}.Release|x64.Build.0 = Release|Any CPU
		{9B4B384D-552F-4FC7-AEAD-FBF37AD5C617}.Release|x86.ActiveCfg = Release|Any CPU
		{9B4B384D-552F-4FC7-AEAD-FBF37AD5C617}.Release|x86.Build.0 = Release|Any CPU
		{2F7A1C81-BF27-454A-B7FE-4D79E4B1303D}.Debug|Any CPU.ActiveCfg = Debug|Any CPU
		{2F7A1C81-BF27-454A-B7FE-4D79E4B1303D}.Debug|Any CPU.Build.0 = Debug|Any CPU
		{2F7A1C81-BF27-454A-B7FE-4D79E4B1303D}.Debug|x64.ActiveCfg = Debug|Any CPU
		{2F7A1C81-BF27-454A-B7FE-4D79E4B1303D}.Debug|x64.Build.0 = Debug|Any CPU
		{2F7A1C81-BF27-454A-B7FE-4D79E4B1303D}.Debug|x86.ActiveCfg = Debug|Any CPU
		{2F7A1C81-BF27-454A-B7FE-4D79E4B1303D}.Debug|x86.Build.0 = Debug|Any CPU
		{2F7A1C81-BF27-454A-B7FE-4D79E4B1303D}.Release|Any CPU.ActiveCfg = Release|Any CPU
		{2F7A1C81-BF27-454A-B7FE-4D79E4B1303D}.Release|Any CPU.Build.0 = Release|Any CPU
		{2F7A1C81-BF27-454A-B7FE-4D79E4B1303D}.Release|x64.ActiveCfg = Release|Any CPU
		{2F7A1C81-BF27-454A-B7FE-4D79E4B1303D}.Release|x64.Build.0 = Release|Any CPU
		{2F7A1C81-BF27-454A-B7FE-4D79E4B1303D}.Release|x86.ActiveCfg = Release|Any CPU
		{2F7A1C81-BF27-454A-B7FE-4D79E4B1303D}.Release|x86.Build.0 = Release|Any CPU
		{D451486E-B046-4A43-8AE4-57B2574616E4}.Debug|Any CPU.ActiveCfg = Debug|Any CPU
		{D451486E-B046-4A43-8AE4-57B2574616E4}.Debug|Any CPU.Build.0 = Debug|Any CPU
		{D451486E-B046-4A43-8AE4-57B2574616E4}.Debug|x64.ActiveCfg = Debug|Any CPU
		{D451486E-B046-4A43-8AE4-57B2574616E4}.Debug|x64.Build.0 = Debug|Any CPU
		{D451486E-B046-4A43-8AE4-57B2574616E4}.Debug|x86.ActiveCfg = Debug|Any CPU
		{D451486E-B046-4A43-8AE4-57B2574616E4}.Debug|x86.Build.0 = Debug|Any CPU
		{D451486E-B046-4A43-8AE4-57B2574616E4}.Release|Any CPU.ActiveCfg = Release|Any CPU
		{D451486E-B046-4A43-8AE4-57B2574616E4}.Release|Any CPU.Build.0 = Release|Any CPU
		{D451486E-B046-4A43-8AE4-57B2574616E4}.Release|x64.ActiveCfg = Release|Any CPU
		{D451486E-B046-4A43-8AE4-57B2574616E4}.Release|x64.Build.0 = Release|Any CPU
		{D451486E-B046-4A43-8AE4-57B2574616E4}.Release|x86.ActiveCfg = Release|Any CPU
		{D451486E-B046-4A43-8AE4-57B2574616E4}.Release|x86.Build.0 = Release|Any CPU
		{941B6453-590A-44C0-8052-229806301D54}.Debug|Any CPU.ActiveCfg = Debug|Any CPU
		{941B6453-590A-44C0-8052-229806301D54}.Debug|Any CPU.Build.0 = Debug|Any CPU
		{941B6453-590A-44C0-8052-229806301D54}.Debug|x64.ActiveCfg = Debug|Any CPU
		{941B6453-590A-44C0-8052-229806301D54}.Debug|x64.Build.0 = Debug|Any CPU
		{941B6453-590A-44C0-8052-229806301D54}.Debug|x86.ActiveCfg = Debug|Any CPU
		{941B6453-590A-44C0-8052-229806301D54}.Debug|x86.Build.0 = Debug|Any CPU
		{941B6453-590A-44C0-8052-229806301D54}.Release|Any CPU.ActiveCfg = Release|Any CPU
		{941B6453-590A-44C0-8052-229806301D54}.Release|Any CPU.Build.0 = Release|Any CPU
		{941B6453-590A-44C0-8052-229806301D54}.Release|x64.ActiveCfg = Release|Any CPU
		{941B6453-590A-44C0-8052-229806301D54}.Release|x64.Build.0 = Release|Any CPU
		{941B6453-590A-44C0-8052-229806301D54}.Release|x86.ActiveCfg = Release|Any CPU
		{941B6453-590A-44C0-8052-229806301D54}.Release|x86.Build.0 = Release|Any CPU
		{D61EEFC9-9032-498B-AF9A-A44103DBE406}.Debug|Any CPU.ActiveCfg = Debug|Any CPU
		{D61EEFC9-9032-498B-AF9A-A44103DBE406}.Debug|Any CPU.Build.0 = Debug|Any CPU
		{D61EEFC9-9032-498B-AF9A-A44103DBE406}.Debug|x64.ActiveCfg = Debug|Any CPU
		{D61EEFC9-9032-498B-AF9A-A44103DBE406}.Debug|x64.Build.0 = Debug|Any CPU
		{D61EEFC9-9032-498B-AF9A-A44103DBE406}.Debug|x86.ActiveCfg = Debug|Any CPU
		{D61EEFC9-9032-498B-AF9A-A44103DBE406}.Debug|x86.Build.0 = Debug|Any CPU
		{D61EEFC9-9032-498B-AF9A-A44103DBE406}.Release|Any CPU.ActiveCfg = Release|Any CPU
		{D61EEFC9-9032-498B-AF9A-A44103DBE406}.Release|Any CPU.Build.0 = Release|Any CPU
		{D61EEFC9-9032-498B-AF9A-A44103DBE406}.Release|x64.ActiveCfg = Release|Any CPU
		{D61EEFC9-9032-498B-AF9A-A44103DBE406}.Release|x64.Build.0 = Release|Any CPU
		{D61EEFC9-9032-498B-AF9A-A44103DBE406}.Release|x86.ActiveCfg = Release|Any CPU
		{D61EEFC9-9032-498B-AF9A-A44103DBE406}.Release|x86.Build.0 = Release|Any CPU
	EndGlobalSection
	GlobalSection(SolutionProperties) = preSolution
		HideSolutionNode = FALSE
	EndGlobalSection
	GlobalSection(NestedProjects) = preSolution
		{28F09DD8-B479-529C-DD60-072B0B29F407} = {827E0CD3-B72D-47B6-A68D-7590B98EB39B}
		{55327CDA-2C18-4014-B5B2-34E57BA8D7CF} = {28F09DD8-B479-529C-DD60-072B0B29F407}
		{76A52903-50AC-CD9D-03C9-48914C5376B2} = {827E0CD3-B72D-47B6-A68D-7590B98EB39B}
		{9B4B384D-552F-4FC7-AEAD-FBF37AD5C617} = {76A52903-50AC-CD9D-03C9-48914C5376B2}
		{86B80615-334E-1DEC-CE59-A622E47B6562} = {827E0CD3-B72D-47B6-A68D-7590B98EB39B}
		{2F7A1C81-BF27-454A-B7FE-4D79E4B1303D} = {86B80615-334E-1DEC-CE59-A622E47B6562}
		{D9457306-8FB9-1DCB-F305-E4FD70DD127F} = {827E0CD3-B72D-47B6-A68D-7590B98EB39B}
		{D451486E-B046-4A43-8AE4-57B2574616E4} = {D9457306-8FB9-1DCB-F305-E4FD70DD127F}
		{119D4432-651F-460C-3B0D-BF79C38815E6} = {827E0CD3-B72D-47B6-A68D-7590B98EB39B}
		{941B6453-590A-44C0-8052-229806301D54} = {119D4432-651F-460C-3B0D-BF79C38815E6}
		{70A475D6-C61B-B0AA-8F19-AD671175600E} = {0AB3BF05-4346-4AA6-1389-037BE0695223}
		{D61EEFC9-9032-498B-AF9A-A44103DBE406} = {70A475D6-C61B-B0AA-8F19-AD671175600E}
	EndGlobalSection
EndGlobal
